Microsoft Visual Studio Solution File, Format Version 11.00
# Visual Studio 2010
Project("{FAE04EC0-301F-11D3-BF4B-00C04F79EFBC}") = "Dashboard_ClientDataCards_Web", "Dashboard_ClientDataCards_Web\Dashboard_ClientDataCards_Web.csproj", "{ED265853-51FB-4824-9F15-133BA1604877}"
EndProject
Global
	GlobalSection(SolutionConfigurationPlatforms) = preSolution
		Debug|Any CPU = Debug|Any CPU
		Release|Any CPU = Release|Any CPU
	EndGlobalSection
	GlobalSection(ProjectConfigurationPlatforms) = postSolution
		{ED265853-51FB-4824-9F15-133BA1604877}.Debug|Any CPU.ActiveCfg = Debug|Any CPU
		{ED265853-51FB-4824-9F15-133BA1604877}.Debug|Any CPU.Build.0 = Debug|Any CPU
		{ED265853-51FB-4824-9F15-133BA1604877}.Release|Any CPU.ActiveCfg = Release|Any CPU
		{ED265853-51FB-4824-9F15-133BA1604877}.Release|Any CPU.Build.0 = Release|Any CPU
	EndGlobalSection
	GlobalSection(SolutionProperties) = preSolution
		HideSolutionNode = FALSE
	EndGlobalSection
EndGlobal
